{
  "name": "02-ollama",
  "version": "1.0.0",
  "lockfileVersion": 3,
  "requires": true,
  "packages": {
    "": {
      "name": "02-ollama",
      "version": "1.0.0",
      "dependencies": {
        "ollama": "^0.6.3"
      }
    },
    "node_modules/ollama": {
      "version": "0.6.4",
      "resolved": "https://registry.npmjs.org/ollama/-/ollama-0.6.4.tgz",
      "integrity": "sha512-KzM6b5Sq0TgipeMTdImuELr/V4eNqrTf37PRzUTHCPPieFmboYw6qPn+pX7+lg0nSP1jsKwy4AFkiQFXhqHeZA==",
      "license": "MIT",
      "dependencies": {
        "whatwg-fetch": "^3.6.20"
      }
    },
    "node_modules/whatwg-fetch": {
      "version": "3.6.20",
      "resolved": "https://registry.npmjs.org/whatwg-fetch/-/whatwg-fetch-3.6.20.tgz",
      "integrity": "sha512-EqhiFU6daOA8kpjOWTL0olhVOF3i7OrFzSYiGsEMB8GcXS+RrzauAERX65xMeNWVqxA6HXH2m69Z9LaKKdisfg==",
      "license": "MIT"
    }
  }
}
